
Microsoft Visual Studio Solution File, Format Version 12.00
# Visual Studio Version 17
VisualStudioVersion = 17.3.32922.545
MinimumVisualStudioVersion = 10.0.40219.1
Project("{8BC9CEB8-8B4A-11D0-8D11-00A0C91BC942}") = "StudentsInfo", "StudentsInfo.vcxproj", "{62DA205A-A3C5-4FC3-8517-F02EBC134C26}"
EndProject
Global
	GlobalSection(SolutionConfigurationPlatforms) = preSolution
		Debug|x64 = Debug|x64
		Debug|x86 = Debug|x86
		Release|x64 = Release|x64
		Release|x86 = Release|x86
	EndGlobalSection
	GlobalSection(ProjectConfigurationPlatforms) = postSolution
		{62DA205A-A3C5-4FC3-8517-F02EBC134C26}.Debug|x64.ActiveCfg = Debug|x64
		{62DA205A-A3C5-4FC3-8517-F02EBC134C26}.Debug|x64.Build.0 = Debug|x64
		{62DA205A-A3C5-4FC3-8517-F02EBC134C26}.Debug|x86.ActiveCfg = Debug|Win32
		{62DA205A-A3C5-4FC3-8517-F02EBC134C26}.Debug|x86.Build.0 = Debug|Win32
		{62DA205A-A3C5-4FC3-8517-F02EBC134C26}.Release|x64.ActiveCfg = Release|x64
		{62DA205A-A3C5-4FC3-8517-F02EBC134C26}.Release|x64.Build.0 = Release|x64
		{62DA205A-A3C5-4FC3-8517-F02EBC134C26}.Release|x86.ActiveCfg = Release|Win32
		{62DA205A-A3C5-4FC3-8517-F02EBC134C26}.Release|x86.Build.0 = Release|Win32
	EndGlobalSection
	GlobalSection(SolutionProperties) = preSolution
		HideSolutionNode = FALSE
	EndGlobalSection
	GlobalSection(ExtensibilityGlobals) = postSolution
		SolutionGuid = {04DF5F2F-D6BC-4FFF-B8C5-4C66F3F4BD07}
	EndGlobalSection
EndGlobal
